// !$*UTF8*$!
{
	archiveVersion = 1;
	classes = {
	};
	objectVersion = 77;
	objects = {

/* Begin PBXBuildFile section */
		0B3B63EC2F2F742800D38E18 /* Localizable.xcstrings in Resources */ = {isa = PBXBuildFile; fileRef = 0B3B63EB2F2F742800D38E18 /* Localizable.xcstrings */; };
		0B3B63ED2F2F742800D38E18 /* Localizable.xcstrings in Resources */ = {isa = PBXBuildFile; fileRef = 0B3B63EB2F2F742800D38E18 /* Localizable.xcstrings */; };
		0B3B63EE2F2F742800D38E18 /* Localizable.xcstrings in Resources */ = {isa = PBXBuildFile; fileRef = 0B3B63EB2F2F742800D38E18 /* Localizable.xcstrings */; };
		0B3B63EF2F2F742800D38E18 /* Localizable.xcstrings in Resources */ = {isa = PBXBuildFile; fileRef = 0B3B63EB2F2F742800D38E18 /* Localizable.xcstrings */; };
		0B433B212F27B1FA005A42E4 /* WidgetKit.framework in Frameworks */ = {isa = PBXBuildFile; fileRef = 0B433B202F27B1FA005A42E4 /* WidgetKit.framework */; };
		0B433B232F27B1FA005A42E4 /* SwiftUI.framework in Frameworks */ = {isa = PBXBuildFile; fileRef = 0B433B222F27B1FA005A42E4 /* SwiftUI.framework */; };
		0B433B342F27B1FB005A42E4 /* StepMonWidgetExtension.appex in Embed Foundation Extensions */ = {isa = PBXBuildFile; fileRef = 0B433B1E2F27B1FA005A42E4 /* StepMonWidgetExtension.appex */; settings = {ATTRIBUTES = (RemoveHeadersOnCopy, ); }; };
/* End PBXBuildFile section */

/* Begin PBXContainerItemProxy section */
		0B433B322F27B1FB005A42E4 /* PBXContainerItemProxy */ = {
			isa = PBXContainerItemProxy;
			containerPortal = 0BBA62152F24F1AD00301AAE /* Project object */;
			proxyType = 1;
			remoteGlobalIDString = 0B433B1D2F27B1FA005A42E4;
			remoteInfo = StepMonWidgetExtension;
		};
		0BBA622D2F24F1AE00301AAE /* PBXContainerItemProxy */ = {
			isa = PBXContainerItemProxy;
			containerPortal = 0BBA62152F24F1AD00301AAE /* Project object */;
			proxyType = 1;
			remoteGlobalIDString = 0BBA621C2F24F1AD00301AAE;
			remoteInfo = StepMon;
		};
		0BBA62372F24F1AE00301AAE /* PBXContainerItemProxy */ = {
			isa = PBXContainerItemProxy;
			containerPortal = 0BBA62152F24F1AD00301AAE /* Project object */;
			proxyType = 1;
			remoteGlobalIDString = 0BBA621C2F24F1AD00301AAE;
			remoteInfo = StepMon;
		};
/* End PBXContainerItemProxy section */

/* Begin PBXCopyFilesBuildPhase section */
		0B433B392F27B1FB005A42E4 /* Embed Foundation Extensions */ = {
			isa = PBXCopyFilesBuildPhase;
			buildActionMask = 2147483647;
			dstPath = "";
			dstSubfolderSpec = 13;
			files = (
				0B433B342F27B1FB005A42E4 /* StepMonWidgetExtension.appex in Embed Foundation Extensions */,
			);
			name = "Embed Foundation Extensions";
			runOnlyForDeploymentPostprocessing = 0;
		};
/* End PBXCopyFilesBuildPhase section */

/* Begin PBXFileReference section */
		0B3B63EB2F2F742800D38E18 /* Localizable.xcstrings */ = {isa = PBXFileReference; lastKnownFileType = text.json.xcstrings; path = Localizable.xcstrings; sourceTree = "<group>"; };
		0B433B1E2F27B1FA005A42E4 /* StepMonWidgetExtension.appex */ = {isa = PBXFileReference; explicitFileType = "wrapper.app-extension"; includeInIndex = 0; path = StepMonWidgetExtension.appex; sourceTree = BUILT_PRODUCTS_DIR; };
		0B433B202F27B1FA005A42E4 /* WidgetKit.framework */ = {isa = PBXFileReference; lastKnownFileType = wrapper.framework; name = WidgetKit.framework; path = System/Library/Frameworks/WidgetKit.framework; sourceTree = SDKROOT; };
		0B433B222F27B1FA005A42E4 /* SwiftUI.framework */ = {isa = PBXFileReference; lastKnownFileType = wrapper.framework; name = SwiftUI.framework; path = System/Library/Frameworks/SwiftUI.framework; sourceTree = SDKROOT; };
		0B433B3A2F27B289005A42E4 /* StepMonWidgetExtension.entitlements */ = {isa = PBXFileReference; lastKnownFileType = text.plist.entitlements; path = StepMonWidgetExtension.entitlements; sourceTree = "<group>"; };
		0BBA621D2F24F1AD00301AAE /* StepMon.app */ = {isa = PBXFileReference; explicitFileType = wrapper.application; includeInIndex = 0; path = StepMon.app; sourceTree = BUILT_PRODUCTS_DIR; };
		0BBA622C2F24F1AE00301AAE /* StepMonTests.xctest */ = {isa = PBXFileReference; explicitFileType = wrapper.cfbundle; includeInIndex = 0; path = StepMonTests.xctest; sourceTree = BUILT_PRODUCTS_DIR; };
		0BBA62362F24F1AE00301AAE /* StepMonUITests.xctest */ = {isa = PBXFileReference; explicitFileType = wrapper.cfbundle; includeInIndex = 0; path = StepMonUITests.xctest; sourceTree = BUILT_PRODUCTS_DIR; };
/* End PBXFileReference section */

/* Begin PBXFileSystemSynchronizedBuildFileExceptionSet section */
		0B433B382F27B1FB005A42E4 /* Exceptions for "StepMonWidget" folder in "StepMonWidgetExtension" target */ = {
			isa = PBXFileSystemSynchronizedBuildFileExceptionSet;
			membershipExceptions = (
				Info.plist,
			);
			target = 0B433B1D2F27B1FA005A42E4 /* StepMonWidgetExtension */;
		};
		0B476C5B2F24F43C00BD86B3 /* Exceptions for "StepMon" folder in "StepMon" target */ = {
			isa = PBXFileSystemSynchronizedBuildFileExceptionSet;
			membershipExceptions = (
				Info.plist,
			);
			target = 0BBA621C2F24F1AD00301AAE /* StepMon */;
		};
/* End PBXFileSystemSynchronizedBuildFileExceptionSet section */

/* Begin PBXFileSystemSynchronizedRootGroup section */
		0B433B242F27B1FA005A42E4 /* StepMonWidget */ = {
			isa = PBXFileSystemSynchronizedRootGroup;
			exceptions = (
				0B433B382F27B1FB005A42E4 /* Exceptions for "StepMonWidget" folder in "StepMonWidgetExtension" target */,
			);
			path = StepMonWidget;
			sourceTree = "<group>";
		};
		0BBA621F2F24F1AD00301AAE /* StepMon */ = {
			isa = PBXFileSystemSynchronizedRootGroup;
			exceptions = (
				0B476C5B2F24F43C00BD86B3 /* Exceptions for "StepMon" folder in "StepMon" target */,
			);
			path = StepMon;
			sourceTree = "<group>";
		};
		0BBA622F2F24F1AE00301AAE /* StepMonTests */ = {
			isa = PBXFileSystemSynchronizedRootGroup;
			path = StepMonTests;
			sourceTree = "<group>";
		};
		0BBA62392F24F1AE00301AAE /* StepMonUITests */ = {
			isa = PBXFileSystemSynchronizedRootGroup;
			path = StepMonUITests;
			sourceTree = "<group>";
		};
/* End PBXFileSystemSynchronizedRootGroup section */

/* Begin PBXFrameworksBuildPhase section */
		0B433B1B2F27B1FA005A42E4 /* Frameworks */ = {
			isa = PBXFrameworksBuildPhase;
			buildActionMask = 2147483647;
			files = (
				0B433B232F27B1FA005A42E4 /* SwiftUI.framework in Frameworks */,
				0B433B212F27B1FA005A42E4 /* WidgetKit.framework in Frameworks */,
			);
			runOnlyForDeploymentPostprocessing = 0;
		};
		0BBA621A2F24F1AD00301AAE /* Frameworks */ = {
			isa = PBXFrameworksBuildPhase;
			buildActionMask = 2147483647;
			files = (
			);
			runOnlyForDeploymentPostprocessing = 0;
		};
		0BBA62292F24F1AE00301AAE /* Frameworks */ = {
			isa = PBXFrameworksBuildPhase;
			buildActionMask = 2147483647;
			files = (
			);
			runOnlyForDeploymentPostprocessing = 0;
		};
		0BBA62332F24F1AE00301AAE /* Frameworks */ = {
			isa = PBXFrameworksBuildPhase;
			buildActionMask = 2147483647;
			files = (
			);
			runOnlyForDeploymentPostprocessing = 0;
		};
/* End PBXFrameworksBuildPhase section */

/* Begin PBXGroup section */
		0B433B1F2F27B1FA005A42E4 /* Frameworks */ = {
			isa = PBXGroup;
			children = (
				0B433B202F27B1FA005A42E4 /* WidgetKit.framework */,
				0B433B222F27B1FA005A42E4 /* SwiftUI.framework */,
			);
			name = Frameworks;
			sourceTree = "<group>";
		};
		0BBA62142F24F1AD00301AAE = {
			isa = PBXGroup;
			children = (
				0B3B63EB2F2F742800D38E18 /* Localizable.xcstrings */,
				0B433B3A2F27B289005A42E4 /* StepMonWidgetExtension.entitlements */,
				0BBA621F2F24F1AD00301AAE /* StepMon */,
				0BBA622F2F24F1AE00301AAE /* StepMonTests */,
				0BBA62392F24F1AE00301AAE /* StepMonUITests */,
				0B433B242F27B1FA005A42E4 /* StepMonWidget */,
				0B433B1F2F27B1FA005A42E4 /* Frameworks */,
				0BBA621E2F24F1AD00301AAE /* Products */,
			);
			sourceTree = "<group>";
		};
		0BBA621E2F24F1AD00301AAE /* Products */ = {
			isa = PBXGroup;
			children = (
				0BBA621D2F24F1AD00301AAE /* StepMon.app */,
				0BBA622C2F24F1AE00301AAE /* StepMonTests.xctest */,
				0BBA62362F24F1AE00301AAE /* StepMonUITests.xctest */,
				0B433B1E2F27B1FA005A42E4 /* StepMonWidgetExtension.appex */,
			);
			name = Products;
			sourceTree = "<group>";
		};
/* End PBXGroup section */

/* Begin PBXNativeTarget section */
		0B433B1D2F27B1FA005A42E4 /* StepMonWidgetExtension */ = {
			isa = PBXNativeTarget;
			buildConfigurationList = 0B433B352F27B1FB005A42E4 /* Build configuration list for PBXNativeTarget "StepMonWidgetExtension" */;
			buildPhases = (
				0B433B1A2F27B1FA005A42E4 /* Sources */,
				0B433B1B2F27B1FA005A42E4 /* Frameworks */,
				0B433B1C2F27B1FA005A42E4 /* Resources */,
			);
			buildRules = (
			);
			dependencies = (
			);
			fileSystemSynchronizedGroups = (
				0B433B242F27B1FA005A42E4 /* StepMonWidget */,
			);
			name = StepMonWidgetExtension;
			packageProductDependencies = (
			);
			productName = StepMonWidgetExtension;
			productReference = 0B433B1E2F27B1FA005A42E4 /* StepMonWidgetExtension.appex */;
			productType = "com.apple.product-type.app-extension";
		};
		0BBA621C2F24F1AD00301AAE /* StepMon */ = {
			isa = PBXNativeTarget;
			buildConfigurationList = 0BBA62402F24F1AE00301AAE /* Build configuration list for PBXNativeTarget "StepMon" */;
			buildPhases = (
				0BBA62192F24F1AD00301AAE /* Sources */,
				0BBA621A2F24F1AD00301AAE /* Frameworks */,
				0BBA621B2F24F1AD00301AAE /* Resources */,
				0B433B392F27B1FB005A42E4 /* Embed Foundation Extensions */,
			);
			buildRules = (
			);
			dependencies = (
				0B433B332F27B1FB005A42E4 /* PBXTargetDependency */,
			);
			fileSystemSynchronizedGroups = (
				0BBA621F2F24F1AD00301AAE /* StepMon */,
			);
			name = StepMon;
			packageProductDependencies = (
			);
			productName = StepMon;
			productReference = 0BBA621D2F24F1AD00301AAE /* StepMon.app */;
			productType = "com.apple.product-type.application";
		};
		0BBA622B2F24F1AE00301AAE /* StepMonTests */ = {
			isa = PBXNativeTarget;
			buildConfigurationList = 0BBA62432F24F1AE00301AAE /* Build configuration list for PBXNativeTarget "StepMonTests" */;
			buildPhases = (
				0BBA62282F24F1AE00301AAE /* Sources */,
				0BBA62292F24F1AE00301AAE /* Frameworks */,
				0BBA622A2F24F1AE00301AAE /* Resources */,
			);
			buildRules = (
			);
			dependencies = (
				0BBA622E2F24F1AE00301AAE /* PBXTargetDependency */,
			);
			fileSystemSynchronizedGroups = (
				0BBA622F2F24F1AE00301AAE /* StepMonTests */,
			);
			name = StepMonTests;
			packageProductDependencies = (
			);
			productName = StepMonTests;
			productReference = 0BBA622C2F24F1AE00301AAE /* StepMonTests.xctest */;
			productType = "com.apple.product-type.bundle.unit-test";
		};
		0BBA62352F24F1AE00301AAE /* StepMonUITests */ = {
			isa = PBXNativeTarget;
			buildConfigurationList = 0BBA62462F24F1AE00301AAE /* Build configuration list for PBXNativeTarget "StepMonUITests" */;
			buildPhases = (
				0BBA62322F24F1AE00301AAE /* Sources */,
				0BBA62332F24F1AE00301AAE /* Frameworks */,
				0BBA62342F24F1AE00301AAE /* Resources */,
			);
			buildRules = (
			);
			dependencies = (
				0BBA62382F24F1AE00301AAE /* PBXTargetDependency */,
			);
			fileSystemSynchronizedGroups = (
				0BBA62392F24F1AE00301AAE /* StepMonUITests */,
			);
			name = StepMonUITests;
			packageProductDependencies = (
			);
			productName = StepMonUITests;
			productReference = 0BBA62362F24F1AE00301AAE /* StepMonUITests.xctest */;
			productType = "com.apple.product-type.bundle.ui-testing";
		};
/* End PBXNativeTarget section */

/* Begin PBXProject section */
		0BBA62152F24F1AD00301AAE /* Project object */ = {
			isa = PBXProject;
			attributes = {
				BuildIndependentTargetsInParallel = 1;
				LastSwiftUpdateCheck = 2620;
				LastUpgradeCheck = 2620;
				TargetAttributes = {
					0B433B1D2F27B1FA005A42E4 = {
						CreatedOnToolsVersion = 26.2;
					};
					0BBA621C2F24F1AD00301AAE = {
						CreatedOnToolsVersion = 26.2;
					};
					0BBA622B2F24F1AE00301AAE = {
						CreatedOnToolsVersion = 26.2;
						TestTargetID = 0BBA621C2F24F1AD00301AAE;
					};
					0BBA62352F24F1AE00301AAE = {
						CreatedOnToolsVersion = 26.2;
						TestTargetID = 0BBA621C2F24F1AD00301AAE;
					};
				};
			};
			buildConfigurationList = 0BBA62182F24F1AD00301AAE /* Build configuration list for PBXProject "StepMon" */;
			developmentRegion = en;
			hasScannedForEncodings = 0;
			knownRegions = (
				en,
				Base,
				ja,
				ko,
			);
			mainGroup = 0BBA62142F24F1AD00301AAE;
			minimizedProjectReferenceProxies = 1;
			preferredProjectObjectVersion = 77;
			productRefGroup = 0BBA621E2F24F1AD00301AAE /* Products */;
			projectDirPath = "";
			projectRoot = "";
			targets = (
				0BBA621C2F24F1AD00301AAE /* StepMon */,
				0BBA622B2F24F1AE00301AAE /* StepMonTests */,
				0BBA62352F24F1AE00301AAE /* StepMonUITests */,
				0B433B1D2F27B1FA005A42E4 /* StepMonWidgetExtension */,
			);
		};
/* End PBXProject section */

/* Begin PBXResourcesBuildPhase section */
		0B433B1C2F27B1FA005A42E4 /* Resources */ = {
			isa = PBXResourcesBuildPhase;
			buildActionMask = 2147483647;
			files = (
				0B3B63EF2F2F742800D38E18 /* Localizable.xcstrings in Resources */,
			);
			runOnlyForDeploymentPostprocessing = 0;
		};
		0BBA621B2F24F1AD00301AAE /* Resources */ = {
			isa = PBXResourcesBuildPhase;
			buildActionMask = 2147483647;
			files = (
				0B3B63EC2F2F742800D38E18 /* Localizable.xcstrings in Resources */,
			);
			runOnlyForDeploymentPostprocessing = 0;
		};
		0BBA622A2F24F1AE00301AAE /* Resources */ = {
			isa = PBXResourcesBuildPhase;
			buildActionMask = 2147483647;
			files = (
				0B3B63ED2F2F742800D38E18 /* Localizable.xcstrings in Resources */,
			);
			runOnlyForDeploymentPostprocessing = 0;
		};
		0BBA62342F24F1AE00301AAE /* Resources */ = {
			isa = PBXResourcesBuildPhase;
			buildActionMask = 2147483647;
			files = (
				0B3B63EE2F2F742800D38E18 /* Localizable.xcstrings in Resources */,
			);
			runOnlyForDeploymentPostprocessing = 0;
		};
/* End PBXResourcesBuildPhase section */

/* Begin PBXSourcesBuildPhase section */
		0B433B1A2F27B1FA005A42E4 /* Sources */ = {
			isa = PBXSourcesBuildPhase;
			buildActionMask = 2147483647;
			files = (
			);
			runOnlyForDeploymentPostprocessing = 0;
		};
		0BBA62192F24F1AD00301AAE /* Sources */ = {
			isa = PBXSourcesBuildPhase;
			buildActionMask = 2147483647;
			files = (
			);
			runOnlyForDeploymentPostprocessing = 0;
		};
		0BBA62282F24F1AE00301AAE /* Sources */ = {
			isa = PBXSourcesBuildPhase;
			buildActionMask = 2147483647;
			files = (
			);
			runOnlyForDeploymentPostprocessing = 0;
		};
		0BBA62322F24F1AE00301AAE /* Sources */ = {
			isa = PBXSourcesBuildPhase;
			buildActionMask = 2147483647;
			files = (
			);
			runOnlyForDeploymentPostprocessing = 0;
		};
/* End PBXSourcesBuildPhase section */

/* Begin PBXTargetDependency section */
		0B433B332F27B1FB005A42E4 /* PBXTargetDependency */ = {
			isa = PBXTargetDependency;
			target = 0B433B1D2F27B1FA005A42E4 /* StepMonWidgetExtension */;
			targetProxy = 0B433B322F27B1FB005A42E4 /* PBXContainerItemProxy */;
		};
		0BBA622E2F24F1AE00301AAE /* PBXTargetDependency */ = {
			isa = PBXTargetDependency;
			target = 0BBA621C2F24F1AD00301AAE /* StepMon */;
			targetProxy = 0BBA622D2F24F1AE00301AAE /* PBXContainerItemProxy */;
		};
		0BBA62382F24F1AE00301AAE /* PBXTargetDependency */ = {
			isa = PBXTargetDependency;
			target = 0BBA621C2F24F1AD00301AAE /* StepMon */;
			targetProxy = 0BBA62372F24F1AE00301AAE /* PBXContainerItemProxy */;
		};
/* End PBXTargetDependency section */

/* Begin XCBuildConfiguration section */
		0B433B362F27B1FB005A42E4 /* Debug */ = {
			isa = XCBuildConfiguration;
			buildSettings = {
				ASSETCATALOG_COMPILER_GLOBAL_ACCENT_COLOR_NAME = AccentColor;
				ASSETCATALOG_COMPILER_WIDGET_BACKGROUND_COLOR_NAME = WidgetBackground;
				CODE_SIGN_ENTITLEMENTS = StepMonWidgetExtension.entitlements;
				CODE_SIGN_STYLE = Automatic;
				CURRENT_PROJECT_VERSION = 1;
				DEVELOPMENT_TEAM = 6N5396RU93;
				GENERATE_INFOPLIST_FILE = YES;
				INFOPLIST_FILE = StepMonWidget/Info.plist;
				INFOPLIST_KEY_CFBundleDisplayName = StepMonWidget;
				INFOPLIST_KEY_NSHumanReadableCopyright = "";
				LD_RUNPATH_SEARCH_PATHS = (
					"$(inherited)",
					"@executable_path/Frameworks",
					"@executable_path/../../Frameworks",
				);
				MARKETING_VERSION = 1.0;
				PRODUCT_BUNDLE_IDENTIFIER = bnz.StepMon.StepMonWidget;
				PRODUCT_NAME = "$(TARGET_NAME)";
				SKIP_INSTALL = YES;
				STRING_CATALOG_GENERATE_SYMBOLS = YES;
				SWIFT_APPROACHABLE_CONCURRENCY = YES;
				SWIFT_EMIT_LOC_STRINGS = YES;
				SWIFT_UPCOMING_FEATURE_MEMBER_IMPORT_VISIBILITY = YES;
				SWIFT_VERSION = 5.0;
				TARGETED_DEVICE_FAMILY = "1,2";
			};
			name = Debug;
		};
		0B433B372F27B1FB005A42E4 /* Release */ = {
			isa = XCBuildConfiguration;
			buildSettings = {
				ASSETCATALOG_COMPILER_GLOBAL_ACCENT_COLOR_NAME = AccentColor;
				ASSETCATALOG_COMPILER_WIDGET_BACKGROUND_COLOR_NAME = WidgetBackground;
				CODE_SIGN_ENTITLEMENTS = StepMonWidgetExtension.entitlements;
				CODE_SIGN_STYLE = Automatic;
				CURRENT_PROJECT_VERSION = 1;
				DEVELOPMENT_TEAM = 6N5396RU93;
				GENERATE_INFOPLIST_FILE = YES;
				INFOPLIST_FILE = StepMonWidget/Info.plist;
				INFOPLIST_KEY_CFBundleDisplayName = StepMonWidget;
				INFOPLIST_KEY_NSHumanReadableCopyright = "";
				LD_RUNPATH_SEARCH_PATHS = (
					"$(inherited)",
					"@executable_path/Frameworks",
					"@executable_path/../../Frameworks",
				);
				MARKETING_VERSION = 1.0;
				PRODUCT_BUNDLE_IDENTIFIER = bnz.StepMon.StepMonWidget;
				PRODUCT_NAME = "$(TARGET_NAME)";
				SKIP_INSTALL = YES;
				STRING_CATALOG_GENERATE_SYMBOLS = YES;
				SWIFT_APPROACHABLE_CONCURRENCY = YES;
				SWIFT_EMIT_LOC_STRINGS = YES;
				SWIFT_UPCOMING_FEATURE_MEMBER_IMPORT_VISIBILITY = YES;
				SWIFT_VERSION = 5.0;
				TARGETED_DEVICE_FAMILY = "1,2";
			};
			name = Release;
		};
		0BBA623E2F24F1AE00301AAE /* Debug */ = {
			isa = XCBuildConfiguration;
			buildSettings = {
				ALWAYS_SEARCH_USER_PATHS = NO;
				ASSETCATALOG_COMPILER_GENERATE_SWIFT_ASSET_SYMBOL_EXTENSIONS = YES;
				CLANG_ANALYZER_NONNULL = YES;
				CLANG_ANALYZER_NUMBER_OBJECT_CONVERSION = YES_AGGRESSIVE;
				CLANG_CXX_LANGUAGE_STANDARD = "gnu++20";
				CLANG_ENABLE_MODULES = YES;
				CLANG_ENABLE_OBJC_ARC = YES;
				CLANG_ENABLE_OBJC_WEAK = YES;
				CLANG_WARN_BLOCK_CAPTURE_AUTORELEASING = YES;
				CLANG_WARN_BOOL_CONVERSION = YES;
				CLANG_WARN_COMMA = YES;
				CLANG_WARN_CONSTANT_CONVERSION = YES;
				CLANG_WARN_DEPRECATED_OBJC_IMPLEMENTATIONS = YES;
				CLANG_WARN_DIRECT_OBJC_ISA_USAGE = YES_ERROR;
				CLANG_WARN_DOCUMENTATION_COMMENTS = YES;
				CLANG_WARN_EMPTY_BODY = YES;
				CLANG_WARN_ENUM_CONVERSION = YES;
				CLANG_WARN_INFINITE_RECURSION = YES;
				CLANG_WARN_INT_CONVERSION = YES;
				CLANG_WARN_NON_LITERAL_NULL_CONVERSION = YES;
				CLANG_WARN_OBJC_IMPLICIT_RETAIN_SELF = YES;
				CLANG_WARN_OBJC_LITERAL_CONVERSION = YES;
				CLANG_WARN_OBJC_ROOT_CLASS = YES_ERROR;
				CLANG_WARN_QUOTED_INCLUDE_IN_FRAMEWORK_HEADER = YES;
				CLANG_WARN_RANGE_LOOP_ANALYSIS = YES;
				CLANG_WARN_STRICT_PROTOTYPES = YES;
				CLANG_WARN_SUSPICIOUS_MOVE = YES;
				CLANG_WARN_UNGUARDED_AVAILABILITY = YES_AGGRESSIVE;
				CLANG_WARN_UNREACHABLE_CODE = YES;
				CLANG_WARN__DUPLICATE_METHOD_MATCH = YES;
				COPY_PHASE_STRIP = NO;
				DEBUG_INFORMATION_FORMAT = dwarf;
				ENABLE_STRICT_OBJC_MSGSEND = YES;
				ENABLE_TESTABILITY = YES;
				ENABLE_USER_SCRIPT_SANDBOXING = YES;
				GCC_C_LANGUAGE_STANDARD = gnu17;
				GCC_DYNAMIC_NO_PIC = NO;
				GCC_NO_COMMON_BLOCKS = YES;
				GCC_OPTIMIZATION_LEVEL = 0;
				GCC_PREPROCESSOR_DEFINITIONS = (
					"DEBUG=1",
					"$(inherited)",
				);
				GCC_WARN_64_TO_32_BIT_CONVERSION = YES;
				GCC_WARN_ABOUT_RETURN_TYPE = YES_ERROR;
				GCC_WARN_UNDECLARED_SELECTOR = YES;
				GCC_WARN_UNINITIALIZED_AUTOS = YES_AGGRESSIVE;
				GCC_WARN_UNUSED_FUNCTION = YES;
				GCC_WARN_UNUSED_VARIABLE = YES;
				IPHONEOS_DEPLOYMENT_TARGET = 26.2;
				LOCALIZATION_PREFERS_STRING_CATALOGS = YES;
				MTL_ENABLE_DEBUG_INFO = INCLUDE_SOURCE;
				MTL_FAST_MATH = YES;
				ONLY_ACTIVE_ARCH = YES;
				SDKROOT = iphoneos;
				SWIFT_ACTIVE_COMPILATION_CONDITIONS = "DEBUG $(inherited)";
				SWIFT_EMIT_LOC_STRINGS = YES;
				SWIFT_OPTIMIZATION_LEVEL = "-Onone";
			};
			name = Debug;
		};
		0BBA623F2F24F1AE00301AAE /* Release */ = {
			isa = XCBuildConfiguration;
			buildSettings = {
				ALWAYS_SEARCH_USER_PATHS = NO;
				ASSETCATALOG_COMPILER_GENERATE_SWIFT_ASSET_SYMBOL_EXTENSIONS = YES;
				CLANG_ANALYZER_NONNULL = YES;
				CLANG_ANALYZER_NUMBER_OBJECT_CONVERSION = YES_AGGRESSIVE;
				CLANG_CXX_LANGUAGE_STANDARD = "gnu++20";
				CLANG_ENABLE_MODULES = YES;
				CLANG_ENABLE_OBJC_ARC = YES;
				CLANG_ENABLE_OBJC_WEAK = YES;
				CLANG_WARN_BLOCK_CAPTURE_AUTORELEASING = YES;
				CLANG_WARN_BOOL_CONVERSION = YES;
				CLANG_WARN_COMMA = YES;
				CLANG_WARN_CONSTANT_CONVERSION = YES;
				CLANG_WARN_DEPRECATED_OBJC_IMPLEMENTATIONS = YES;
				CLANG_WARN_DIRECT_OBJC_ISA_USAGE = YES_ERROR;
				CLANG_WARN_DOCUMENTATION_COMMENTS = YES;
				CLANG_WARN_EMPTY_BODY = YES;
				CLANG_WARN_ENUM_CONVERSION = YES;
				CLANG_WARN_INFINITE_RECURSION = YES;
				CLANG_WARN_INT_CONVERSION = YES;
				CLANG_WARN_NON_LITERAL_NULL_CONVERSION = YES;
				CLANG_WARN_OBJC_IMPLICIT_RETAIN_SELF = YES;
				CLANG_WARN_OBJC_LITERAL_CONVERSION = YES;
				CLANG_WARN_OBJC_ROOT_CLASS = YES_ERROR;
				CLANG_WARN_QUOTED_INCLUDE_IN_FRAMEWORK_HEADER = YES;
				CLANG_WARN_RANGE_LOOP_ANALYSIS = YES;
				CLANG_WARN_STRICT_PROTOTYPES = YES;
				CLANG_WARN_SUSPICIOUS_MOVE = YES;
				CLANG_WARN_UNGUARDED_AVAILABILITY = YES_AGGRESSIVE;
				CLANG_WARN_UNREACHABLE_CODE = YES;
				CLANG_WARN__DUPLICATE_METHOD_MATCH = YES;
				COPY_PHASE_STRIP = NO;
				DEBUG_INFORMATION_FORMAT = "dwarf-with-dsym";
				ENABLE_NS_ASSERTIONS = NO;
				ENABLE_STRICT_OBJC_MSGSEND = YES;
				ENABLE_USER_SCRIPT_SANDBOXING = YES;
				GCC_C_LANGUAGE_STANDARD = gnu17;
				GCC_NO_COMMON_BLOCKS = YES;
				GCC_WARN_64_TO_32_BIT_CONVERSION = YES;
				GCC_WARN_ABOUT_RETURN_TYPE = YES_ERROR;
				GCC_WARN_UNDECLARED_SELECTOR = YES;
				GCC_WARN_UNINITIALIZED_AUTOS = YES_AGGRESSIVE;
				GCC_WARN_UNUSED_FUNCTION = YES;
				GCC_WARN_UNUSED_VARIABLE = YES;
				IPHONEOS_DEPLOYMENT_TARGET = 26.2;
				LOCALIZATION_PREFERS_STRING_CATALOGS = YES;
				MTL_ENABLE_DEBUG_INFO = NO;
				MTL_FAST_MATH = YES;
				SDKROOT = iphoneos;
				SWIFT_COMPILATION_MODE = wholemodule;
				SWIFT_EMIT_LOC_STRINGS = YES;
				VALIDATE_PRODUCT = YES;
			};
			name = Release;
		};
		0BBA62412F24F1AE00301AAE /* Debug */ = {
			isa = XCBuildConfiguration;
			buildSettings = {
				ASSETCATALOG_COMPILER_APPICON_NAME = AppIcon;
				ASSETCATALOG_COMPILER_GLOBAL_ACCENT_COLOR_NAME = AccentColor;
				ASSETCATALOG_COMPILER_INCLUDE_ALL_APPICON_ASSETS = NO;
				CODE_SIGN_ENTITLEMENTS = StepMon/StepMon.entitlements;
				CODE_SIGN_STYLE = Automatic;
				CURRENT_PROJECT_VERSION = 1;
				DEVELOPMENT_TEAM = 6N5396RU93;
				ENABLE_PREVIEWS = YES;
				GENERATE_INFOPLIST_FILE = YES;
				INFOPLIST_FILE = StepMon/Info.plist;
				INFOPLIST_KEY_NSMotionUsageDescription = "걸음 수를 측정하여 알림을 보내기 위해 동작 감지 권한이 필요합니다.";
				INFOPLIST_KEY_UIApplicationSceneManifest_Generation = YES;
				INFOPLIST_KEY_UIApplicationSupportsIndirectInputEvents = YES;
				INFOPLIST_KEY_UILaunchScreen_Generation = YES;
				INFOPLIST_KEY_UISupportedInterfaceOrientations = UIInterfaceOrientationPortrait;
				LD_RUNPATH_SEARCH_PATHS = (
					"$(inherited)",
					"@executable_path/Frameworks",
				);
				MARKETING_VERSION = 1.0;
				PRODUCT_BUNDLE_IDENTIFIER = bnz.StepMon;
				PRODUCT_NAME = "$(TARGET_NAME)";
				STRING_CATALOG_GENERATE_SYMBOLS = YES;
				SWIFT_APPROACHABLE_CONCURRENCY = YES;
				SWIFT_DEFAULT_ACTOR_ISOLATION = MainActor;
				SWIFT_EMIT_LOC_STRINGS = YES;
				SWIFT_UPCOMING_FEATURE_MEMBER_IMPORT_VISIBILITY = YES;
				SWIFT_VERSION = 5.0;
				TARGETED_DEVICE_FAMILY = "1,2";
			};
			name = Debug;
		};
		0BBA62422F24F1AE00301AAE /* Release */ = {
			isa = XCBuildConfiguration;
			buildSettings = {
				ASSETCATALOG_COMPILER_APPICON_NAME = AppIcon;
				ASSETCATALOG_COMPILER_GLOBAL_ACCENT_COLOR_NAME = AccentColor;
				ASSETCATALOG_COMPILER_INCLUDE_ALL_APPICON_ASSETS = NO;
				CODE_SIGN_ENTITLEMENTS = StepMon/StepMon.entitlements;
				CODE_SIGN_STYLE = Automatic;
				CURRENT_PROJECT_VERSION = 1;
				DEVELOPMENT_TEAM = 6N5396RU93;
				ENABLE_PREVIEWS = YES;
				GENERATE_INFOPLIST_FILE = YES;
				INFOPLIST_FILE = StepMon/Info.plist;
				INFOPLIST_KEY_NSMotionUsageDescription = "걸음 수를 측정하여 알림을 보내기 위해 동작 감지 권한이 필요합니다.";
				INFOPLIST_KEY_UIApplicationSceneManifest_Generation = YES;
				INFOPLIST_KEY_UIApplicationSupportsIndirectInputEvents = YES;
				INFOPLIST_KEY_UILaunchScreen_Generation = YES;
				INFOPLIST_KEY_UISupportedInterfaceOrientations = UIInterfaceOrientationPortrait;
				LD_RUNPATH_SEARCH_PATHS = (
					"$(inherited)",
					"@executable_path/Frameworks",
				);
				MARKETING_VERSION = 1.0;
				PRODUCT_BUNDLE_IDENTIFIER = bnz.StepMon;
				PRODUCT_NAME = "$(TARGET_NAME)";
				STRING_CATALOG_GENERATE_SYMBOLS = YES;
				SWIFT_APPROACHABLE_CONCURRENCY = YES;
				SWIFT_DEFAULT_ACTOR_ISOLATION = MainActor;
				SWIFT_EMIT_LOC_STRINGS = YES;
				SWIFT_UPCOMING_FEATURE_MEMBER_IMPORT_VISIBILITY = YES;
				SWIFT_VERSION = 5.0;
				TARGETED_DEVICE_FAMILY = "1,2";
			};
			name = Release;
		};
		0BBA62442F24F1AE00301AAE /* Debug */ = {
			isa = XCBuildConfiguration;
			buildSettings = {
				BUNDLE_LOADER = "$(TEST_HOST)";
				CODE_SIGN_STYLE = Automatic;
				CURRENT_PROJECT_VERSION = 1;
				GENERATE_INFOPLIST_FILE = YES;
				IPHONEOS_DEPLOYMENT_TARGET = 26.2;
				MARKETING_VERSION = 1.0;
				PRODUCT_BUNDLE_IDENTIFIER = bnz.StepMonTests;
				PRODUCT_NAME = "$(TARGET_NAME)";
				STRING_CATALOG_GENERATE_SYMBOLS = NO;
				SWIFT_APPROACHABLE_CONCURRENCY = YES;
				SWIFT_EMIT_LOC_STRINGS = NO;
				SWIFT_UPCOMING_FEATURE_MEMBER_IMPORT_VISIBILITY = YES;
				SWIFT_VERSION = 5.0;
				TARGETED_DEVICE_FAMILY = "1,2";
				TEST_HOST = "$(BUILT_PRODUCTS_DIR)/StepMon.app/$(BUNDLE_EXECUTABLE_FOLDER_PATH)/StepMon";
			};
			name = Debug;
		};
		0BBA62452F24F1AE00301AAE /* Release */ = {
			isa = XCBuildConfiguration;
			buildSettings = {
				BUNDLE_LOADER = "$(TEST_HOST)";
				CODE_SIGN_STYLE = Automatic;
				CURRENT_PROJECT_VERSION = 1;
				GENERATE_INFOPLIST_FILE = YES;
				IPHONEOS_DEPLOYMENT_TARGET = 26.2;
				MARKETING_VERSION = 1.0;
				PRODUCT_BUNDLE_IDENTIFIER = bnz.StepMonTests;
				PRODUCT_NAME = "$(TARGET_NAME)";
				STRING_CATALOG_GENERATE_SYMBOLS = NO;
				SWIFT_APPROACHABLE_CONCURRENCY = YES;
				SWIFT_EMIT_LOC_STRINGS = NO;
				SWIFT_UPCOMING_FEATURE_MEMBER_IMPORT_VISIBILITY = YES;
				SWIFT_VERSION = 5.0;
				TARGETED_DEVICE_FAMILY = "1,2";
				TEST_HOST = "$(BUILT_PRODUCTS_DIR)/StepMon.app/$(BUNDLE_EXECUTABLE_FOLDER_PATH)/StepMon";
			};
			name = Release;
		};
		0BBA62472F24F1AE00301AAE /* Debug */ = {
			isa = XCBuildConfiguration;
			buildSettings = {
				CODE_SIGN_STYLE = Automatic;
				CURRENT_PROJECT_VERSION = 1;
				GENERATE_INFOPLIST_FILE = YES;
				MARKETING_VERSION = 1.0;
				PRODUCT_BUNDLE_IDENTIFIER = bnz.StepMonUITests;
				PRODUCT_NAME = "$(TARGET_NAME)";
				STRING_CATALOG_GENERATE_SYMBOLS = NO;
				SWIFT_APPROACHABLE_CONCURRENCY = YES;
				SWIFT_EMIT_LOC_STRINGS = NO;
				SWIFT_UPCOMING_FEATURE_MEMBER_IMPORT_VISIBILITY = YES;
				SWIFT_VERSION = 5.0;
				TARGETED_DEVICE_FAMILY = "1,2";
				TEST_TARGET_NAME = StepMon;
			};
			name = Debug;
		};
		0BBA62482F24F1AE00301AAE /* Release */ = {
			isa = XCBuildConfiguration;
			buildSettings = {
				CODE_SIGN_STYLE = Automatic;
				CURRENT_PROJECT_VERSION = 1;
				GENERATE_INFOPLIST_FILE = YES;
				MARKETING_VERSION = 1.0;
				PRODUCT_BUNDLE_IDENTIFIER = bnz.StepMonUITests;
				PRODUCT_NAME = "$(TARGET_NAME)";
				STRING_CATALOG_GENERATE_SYMBOLS = NO;
				SWIFT_APPROACHABLE_CONCURRENCY = YES;
				SWIFT_EMIT_LOC_STRINGS = NO;
				SWIFT_UPCOMING_FEATURE_MEMBER_IMPORT_VISIBILITY = YES;
				SWIFT_VERSION = 5.0;
				TARGETED_DEVICE_FAMILY = "1,2";
				TEST_TARGET_NAME = StepMon;
			};
			name = Release;
		};
/* End XCBuildConfiguration section */

/* Begin XCConfigurationList section */
		0B433B352F27B1FB005A42E4 /* Build configuration list for PBXNativeTarget "StepMonWidgetExtension" */ = {
			isa = XCConfigurationList;
			buildConfigurations = (
				0B433B362F27B1FB005A42E4 /* Debug */,
				0B433B372F27B1FB005A42E4 /* Release */,
			);
			defaultConfigurationIsVisible = 0;
			defaultConfigurationName = Release;
		};
		0BBA62182F24F1AD00301AAE /* Build configuration list for PBXProject "StepMon" */ = {
			isa = XCConfigurationList;
			buildConfigurations = (
				0BBA623E2F24F1AE00301AAE /* Debug */,
				0BBA623F2F24F1AE00301AAE /* Release */,
			);
			defaultConfigurationIsVisible = 0;
			defaultConfigurationName = Release;
		};
		0BBA62402F24F1AE00301AAE /* Build configuration list for PBXNativeTarget "StepMon" */ = {
			isa = XCConfigurationList;
			buildConfigurations = (
				0BBA62412F24F1AE00301AAE /* Debug */,
				0BBA62422F24F1AE00301AAE /* Release */,
			);
			defaultConfigurationIsVisible = 0;
			defaultConfigurationName = Release;
		};
		0BBA62432F24F1AE00301AAE /* Build configuration list for PBXNativeTarget "StepMonTests" */ = {
			isa = XCConfigurationList;
			buildConfigurations = (
				0BBA62442F24F1AE00301AAE /* Debug */,
				0BBA62452F24F1AE00301AAE /* Release */,
			);
			defaultConfigurationIsVisible = 0;
			defaultConfigurationName = Release;
		};
		0BBA62462F24F1AE00301AAE /* Build configuration list for PBXNativeTarget "StepMonUITests" */ = {
			isa = XCConfigurationList;
			buildConfigurations = (
				0BBA62472F24F1AE00301AAE /* Debug */,
				0BBA62482F24F1AE00301AAE /* Release */,
			);
			defaultConfigurationIsVisible = 0;
			defaultConfigurationName = Release;
		};
/* End XCConfigurationList section */
	};
	rootObject = 0BBA62152F24F1AD00301AAE /* Project object */;
}
